
Microsoft Visual Studio Solution File, Format Version 12.00
# Visual Studio for Mac
Project("{FAE04EC0-301F-11D3-BF4B-00C04F79EFBC}") = "Tutorial_02_Oni", "Tutorial_02_Oni.csproj", "{05FD965A-539C-F40A-2275-D9D3A4518D57}"
EndProject
Global
	GlobalSection(SolutionConfigurationPlatforms) = preSolution
		Debug|Any CPU = Debug|Any CPU
		Release|Any CPU = Release|Any CPU
	EndGlobalSection
	GlobalSection(ProjectConfigurationPlatforms) = postSolution
		{05FD965A-539C-F40A-2275-D9D3A4518D57}.Debug|Any CPU.ActiveCfg = Debug|Any CPU
		{05FD965A-539C-F40A-2275-D9D3A4518D57}.Debug|Any CPU.Build.0 = Debug|Any CPU
		{05FD965A-539C-F40A-2275-D9D3A4518D57}.Release|Any CPU.ActiveCfg = Release|Any CPU
		{05FD965A-539C-F40A-2275-D9D3A4518D57}.Release|Any CPU.Build.0 = Release|Any CPU
	EndGlobalSection
	GlobalSection(SolutionProperties) = preSolution
		HideSolutionNode = FALSE
	EndGlobalSection
EndGlobal
